
Microsoft Visual Studio Solution File, Format Version 12.00
# Visual Studio Version 16
VisualStudioVersion = 16.0.28809.33
MinimumVisualStudioVersion = 10.0.40219.1
Project("{FAE04EC0-301F-11D3-BF4B-00C04F79EFBC}") = "TheBombGame", "TheBombGame\TheBombGame.csproj", "{16A904BA-98D2-40AB-808F-B49C7A8E0643}"
EndProject
Project("{2150E333-8FDC-42A3-9474-1A3956D46DE8}") = "Solution Items", "Solution Items", "{FF98F932-2AB1-47DF-9433-0C9F281C91C4}"
	ProjectSection(SolutionItems) = preProject
		.gitignore = .gitignore
		README.md = README.md
	EndProjectSection
EndProject
Project("{2150E333-8FDC-42A3-9474-1A3956D46DE8}") = "Screenshots", "Screenshots", "{8B555DFF-6825-4894-B7D2-A6C4F103FB0A}"
	ProjectSection(SolutionItems) = preProject
		Screenshots\Screenshot_1577035024.png = Screenshots\Screenshot_1577035024.png
		Screenshots\Screenshot_1577035039.png = Screenshots\Screenshot_1577035039.png
		Screenshots\Screenshot_1577035061.png = Screenshots\Screenshot_1577035061.png
		Screenshots\Screenshot_1577035234.png = Screenshots\Screenshot_1577035234.png
	EndProjectSection
EndProject
Project("{2150E333-8FDC-42A3-9474-1A3956D46DE8}") = "Images", "Images", "{1B047282-6DCA-4A87-B536-6C4C27F822CD}"
	ProjectSection(SolutionItems) = preProject
		Images\functionsgraphic.png = Images\functionsgraphic.png
		Images\stereoskop.png = Images\stereoskop.png
		Images\tvbanner.png = Images\tvbanner.png
		Images\web_hi_res_512.png = Images\web_hi_res_512.png
		Images\werbegrafik.png = Images\werbegrafik.png
	EndProjectSection
EndProject
Global
	GlobalSection(SolutionConfigurationPlatforms) = preSolution
		Debug|Any CPU = Debug|Any CPU
		Release|Any CPU = Release|Any CPU
	EndGlobalSection
	GlobalSection(ProjectConfigurationPlatforms) = postSolution
		{16A904BA-98D2-40AB-808F-B49C7A8E0643}.Debug|Any CPU.ActiveCfg = Debug|Any CPU
		{16A904BA-98D2-40AB-808F-B49C7A8E0643}.Debug|Any CPU.Build.0 = Debug|Any CPU
		{16A904BA-98D2-40AB-808F-B49C7A8E0643}.Debug|Any CPU.Deploy.0 = Debug|Any CPU
		{16A904BA-98D2-40AB-808F-B49C7A8E0643}.Release|Any CPU.ActiveCfg = Release|Any CPU
		{16A904BA-98D2-40AB-808F-B49C7A8E0643}.Release|Any CPU.Build.0 = Release|Any CPU
		{16A904BA-98D2-40AB-808F-B49C7A8E0643}.Release|Any CPU.Deploy.0 = Release|Any CPU
	EndGlobalSection
	GlobalSection(SolutionProperties) = preSolution
		HideSolutionNode = FALSE
	EndGlobalSection
	GlobalSection(NestedProjects) = preSolution
		{8B555DFF-6825-4894-B7D2-A6C4F103FB0A} = {FF98F932-2AB1-47DF-9433-0C9F281C91C4}
		{1B047282-6DCA-4A87-B536-6C4C27F822CD} = {FF98F932-2AB1-47DF-9433-0C9F281C91C4}
	EndGlobalSection
	GlobalSection(ExtensibilityGlobals) = postSolution
		SolutionGuid = {15EF8C95-AE09-487E-BA01-B3A5F9477B49}
	EndGlobalSection
EndGlobal
